version = 1
revision = 3
requires-python = ">=3.11"

[[package]]
name = "rivid-bench-python"
version = "0.1.0"
source = { virtual = "." }
dependencies = [
    { name = "python-ulid" },
    { name = "uuid-utils" },
]

[package.optional-dependencies]
ulidpy = [
    { name = "ulid-py" },
]

[package.metadata]
requires-dist = [
    { name = "python-ulid", specifier = "==2.7.0" },
    { name = "ulid-py", marker = "extra == 'ulidpy'", specifier = "==1.1.0" },
    { name = "uuid-utils", specifier = "==0.10.0" },
]
provides-extras = ["ulidpy"]

[package.metadata.requires-dev]
dev = []

[[package]]
name = "python-ulid"
version = "2.7.0"
source = { registry = "https://pypi.org/simple" }
sdist = { url = "https://files.pythonhosted.org/packages/a9/c5/03acac11f80d718da98201dadf6fdcf5aa4001e83bb61a65b6b91baa489c/python_ulid-2.7.0.tar.gz", hash = "sha256:18eb595885140851a490a95b0da4447911ff69fa9f434732067b97f6956f9fe9", size = 25010, upload-time = "2024-06-17T07:21:58.293Z" }
wheels = [
    { url = "https://files.pythonhosted.org/packages/e2/48/90be1411fdbd38d291fa9e97621a60b5576d9122449bce4505ddfcfc9328/python_ulid-2.7.0-py3-none-any.whl", hash = "sha256:c81658e382f69bad8c6d365155c4ae21843ae4226b94f72c12d7adcbb545a251", size = 10788, upload-time = "2024-06-17T07:21:56.602Z" },
]

[[package]]
name = "ulid-py"
version = "1.1.0"
source = { registry = "https://pypi.org/simple" }
sdist = { url = "https://files.pythonhosted.org/packages/3b/53/d14a8ec344048e21431821cb49e9a6722384f982b889c2dd449428dbdcc1/ulid-py-1.1.0.tar.gz", hash = "sha256:dc6884be91558df077c3011b9fb0c87d1097cb8fc6534b11f310161afd5738f0", size = 22514, upload-time = "2020-09-15T15:35:09.414Z" }
wheels = [
    { url = "https://files.pythonhosted.org/packages/42/7c/a12c879fe6c2b136a718c142115ff99397fbf62b4929d970d58ae386d55f/ulid_py-1.1.0-py2.py3-none-any.whl", hash = "sha256:b56a0f809ef90d6020b21b89a87a48edc7c03aea80e5ed5174172e82d76e3987", size = 25753, upload-time = "2020-09-15T15:35:08.075Z" },
]

[[package]]
name = "uuid-utils"
version = "0.10.0"
source = { registry = "https://pypi.org/simple" }
sdist = { url = "https://files.pythonhosted.org/packages/66/0a/cbdb2eb4845dafeb632d02a18f47b02f87f2ce4f25266f5e3c017976ce89/uuid_utils-0.10.0.tar.gz", hash = "sha256:5db0e1890e8f008657ffe6ded4d9459af724ab114cfe82af1557c87545301539", size = 18828, upload-time = "2024-11-21T13:57:40.916Z" }
wheels = [
    { url = "https://files.pythonhosted.org/packages/44/54/9d22fa16b19e5d1676eba510f08a9c458d96e2a62ff2c8ebad64251afb18/uuid_utils-0.10.0-cp39-abi3-macosx_10_12_x86_64.macosx_11_0_arm64.macosx_10_12_universal2.whl", hash = "sha256:8d5a4508feefec62456cd6a41bcdde458d56827d908f226803b886d22a3d5e63", size = 573006, upload-time = "2024-11-21T13:56:50.873Z" },
    { url = "https://files.pythonhosted.org/packages/08/8e/f895c6e52aa603e521fbc13b8626ba5dd99b6e2f5a55aa96ba5b232f4c53/uuid_utils-0.10.0-cp39-abi3-macosx_10_12_x86_64.whl", hash = "sha256:dbefc2b9113f9dfe56bdae58301a2b3c53792221410d422826f3d1e3e6555fe7", size = 292543, upload-time = "2024-11-21T13:56:54.677Z" },
    { url = "https://files.pythonhosted.org/packages/b6/58/cc4834f377a5e97d6e184408ad96d13042308de56643b6e24afe1f6f34df/uuid_utils-0.10.0-cp39-abi3-manylinux_2_17_aarch64.manylinux2014_aarch64.whl", hash = "sha256:ffc49c33edf87d1ec8112a9b43e4cf55326877716f929c165a2cc307d31c73d5", size = 323340, upload-time = "2024-11-21T13:56:57.665Z" },
    { url = "https://files.pythonhosted.org/packages/37/e3/6aeddf148f6a7dd7759621b000e8c85382ec83f52ae79b60842d1dc3ab6b/uuid_utils-0.10.0-cp39-abi3-manylinux_2_17_armv7l.manylinux2014_armv7l.whl", hash = "sha256:0636b6208f69d5a4e629707ad2a89a04dfa8d1023e1999181f6830646ca048a1", size = 329653, upload-time = "2024-11-21T13:56:59.365Z" },
    { url = "https://files.pythonhosted.org/packages/0c/00/dd6c2164ace70b7b1671d9129267df331481d7d1e5f9c5e6a564f07953f6/uuid_utils-0.10.0-cp39-abi3-manylinux_2_17_ppc64le.manylinux2014_ppc64le.whl", hash = "sha256:7bc06452856b724df9dedfc161c3582199547da54aeb81915ec2ed54f92d19b0", size = 365471, upload-time = "2024-11-21T13:57:00.807Z" },
    { url = "https://files.pythonhosted.org/packages/b4/e7/0ab8080fcae5462a7b5e555c1cef3d63457baffb97a59b9bc7b005a3ecb1/uuid_utils-0.10.0-cp39-abi3-manylinux_2_17_x86_64.manylinux2014_x86_64.whl", hash = "sha256:263b2589111c61decdd74a762e8f850c9e4386fb78d2cf7cb4dfc537054cda1b", size = 325844, upload-time = "2024-11-21T13:57:02.309Z" },
    { url = "https://files.pythonhosted.org/packages/73/39/52d94e9ef75b03f44b39ffc6ac3167e93e74ef4d010a93d25589d9f48540/uuid_utils-0.10.0-cp39-abi3-manylinux_2_5_i686.manylinux1_i686.whl", hash = "sha256:a558db48b7096de6b4d2d2210d82bba8586a6d55f99106b03bb7d01dc5c5bcd6", size = 344389, upload-time = "2024-11-21T13:57:03.788Z" },
    { url = "https://files.pythonhosted.org/packages/7c/29/4824566f62666238290d99c62a58e4ab2a8b9cf2eccf94cebd9b3359131e/uuid_utils-0.10.0-cp39-abi3-musllinux_1_2_aarch64.whl", hash = "sha256:807465067f3c892514230326ac71a79b28a8dfe2c88ecd2d5675fc844f3c76b5", size = 510078, upload-time = "2024-11-21T13:57:06.093Z" },
    { url = "https://files.pythonhosted.org/packages/5e/8f/bbcc7130d652462c685f0d3bd26bb214b754215b476340885a4cb50fb89a/uuid_utils-0.10.0-cp39-abi3-musllinux_1_2_i686.whl", hash = "sha256:57423d4a2b9d7b916de6dbd75ba85465a28f9578a89a97f7d3e098d9aa4e5d4a", size = 515937, upload-time = "2024-11-21T13:57:07.855Z" },
    { url = "https://files.pythonhosted.org/packages/23/f8/34e0c00f5f188604d336713e6a020fcf53b10998e8ab24735a39ab076740/uuid_utils-0.10.0-cp39-abi3-musllinux_1_2_x86_64.whl", hash = "sha256:76d8d660f18ff6b767e319b1b5f927350cd92eafa4831d7ef5b57fdd1d91f974", size = 494111, upload-time = "2024-11-21T13:57:09.511Z" },
    { url = "https://files.pythonhosted.org/packages/1a/52/b7f0066cc90a7a9c28d54061ed195cd617fde822e5d6ac3ccc88509c3c44/uuid_utils-0.10.0-cp39-abi3-win32.whl", hash = "sha256:6c11a71489338837db0b902b75e1ba7618d5d29f05fde4f68b3f909177dbc226", size = 173520, upload-time = "2024-11-21T13:57:11.654Z" },
    { url = "https://files.pythonhosted.org/packages/8b/15/f04f58094674d333974243fb45d2c740cf4b79186fb707168e57943c84a3/uuid_utils-0.10.0-cp39-abi3-win_amd64.whl", hash = "sha256:11c55ae64f6c0a7a0c741deae8ca2a4eaa11e9c09dbb7bec2099635696034cf7", size = 182965, upload-time = "2024-11-21T13:57:13.709Z" },
]
